// !$*UTF8*$!
{
	archiveVersion = 1;
	classes = {
	};
	objectVersion = 77;
	objects = {

/* Begin PBXContainerItemProxy section */
		7D4821002F6BC0D20007F6FF /* PBXContainerItemProxy */ = {
			isa = PBXContainerItemProxy;
			containerPortal = 7D4820EA2F6BC0CF0007F6FF /* Project object */;
			proxyType = 1;
			remoteGlobalIDString = 7D4820F12F6BC0CF0007F6FF;
			remoteInfo = AIronFit;
		};
		7D48210A2F6BC0D20007F6FF /* PBXContainerItemProxy */ = {
			isa = PBXContainerItemProxy;
			containerPortal = 7D4820EA2F6BC0CF0007F6FF /* Project object */;
			proxyType = 1;
			remoteGlobalIDString = 7D4820F12F6BC0CF0007F6FF;
			remoteInfo = AIronFit;
		};
/* End PBXContainerItemProxy section */

/* Begin PBXFileReference section */
		7D4820F22F6BC0CF0007F6FF /* AIronFit.app */ = {isa = PBXFileReference; explicitFileType = wrapper.application; includeInIndex = 0; path = AIronFit.app; sourceTree = BUILT_PRODUCTS_DIR; };
		7D4820FF2F6BC0D20007F6FF /* AIronFitTests.xctest */ = {isa = PBXFileReference; explicitFileType = wrapper.cfbundle; includeInIndex = 0; path = AIronFitTests.xctest; sourceTree = BUILT_PRODUCTS_DIR; };
		7D4821092F6BC0D20007F6FF /* AIronFitUITests.xctest */ = {isa = PBXFileReference; explicitFileType = wrapper.cfbundle; includeInIndex = 0; path = AIronFitUITests.xctest; sourceTree = BUILT_PRODUCTS_DIR; };
/* End PBXFileReference section */

/* Begin PBXFileSystemSynchronizedRootGroup section */
		7D4820F42F6BC0CF0007F6FF /* AIronFit */ = {
			isa = PBXFileSystemSynchronizedRootGroup;
			path = AIronFit;
			sourceTree = "<group>";
		};
		7D4821022F6BC0D20007F6FF /* AIronFitTests */ = {
			isa = PBXFileSystemSynchronizedRootGroup;
			path = AIronFitTests;
			sourceTree = "<group>";
		};
		7D48210C2F6BC0D20007F6FF /* AIronFitUITests */ = {
			isa = PBXFileSystemSynchronizedRootGroup;
			path = AIronFitUITests;
			sourceTree = "<group>";
		};
/* End PBXFileSystemSynchronizedRootGroup section */

/* Begin PBXFrameworksBuildPhase section */
		7D4820EF2F6BC0CF0007F6FF /* Frameworks */ = {
			isa = PBXFrameworksBuildPhase;
			buildActionMask = 2147483647;
			files = (
			);
			runOnlyForDeploymentPostprocessing = 0;
		};
		7D4820FC2F6BC0D20007F6FF /* Frameworks */ = {
			isa = PBXFrameworksBuildPhase;
			buildActionMask = 2147483647;
			files = (
			);
			runOnlyForDeploymentPostprocessing = 0;
		};
		7D4821062F6BC0D20007F6FF /* Frameworks */ = {
			isa = PBXFrameworksBuildPhase;
			buildActionMask = 2147483647;
			files = (
			);
			runOnlyForDeploymentPostprocessing = 0;
		};
/* End PBXFrameworksBuildPhase section */

/* Begin PBXGroup section */
		7D4820E92F6BC0CF0007F6FF = {
			isa = PBXGroup;
			children = (
				7D4820F42F6BC0CF0007F6FF /* AIronFit */,
				7D4821022F6BC0D20007F6FF /* AIronFitTests */,
				7D48210C2F6BC0D20007F6FF /* AIronFitUITests */,
				7D4820F32F6BC0CF0007F6FF /* Products */,
			);
			sourceTree = "<group>";
		};
		7D4820F32F6BC0CF0007F6FF /* Products */ = {
			isa = PBXGroup;
			children = (
				7D4820F22F6BC0CF0007F6FF /* AIronFit.app */,
				7D4820FF2F6BC0D20007F6FF /* AIronFitTests.xctest */,
				7D4821092F6BC0D20007F6FF /* AIronFitUITests.xctest */,
			);
			name = Products;
			sourceTree = "<group>";
		};
/* End PBXGroup section */

/* Begin PBXNativeTarget section */
		7D4820F12F6BC0CF0007F6FF /* AIronFit */ = {
			isa = PBXNativeTarget;
			buildConfigurationList = 7D4821132F6BC0D20007F6FF /* Build configuration list for PBXNativeTarget "AIronFit" */;
			buildPhases = (
				7D4820EE2F6BC0CF0007F6FF /* Sources */,
				7D4820EF2F6BC0CF0007F6FF /* Frameworks */,
				7D4820F02F6BC0CF0007F6FF /* Resources */,
			);
			buildRules = (
			);
			dependencies = (
			);
			fileSystemSynchronizedGroups = (
				7D4820F42F6BC0CF0007F6FF /* AIronFit */,
			);
			name = AIronFit;
			packageProductDependencies = (
			);
			productName = AIronFit;
			productReference = 7D4820F22F6BC0CF0007F6FF /* AIronFit.app */;
			productType = "com.apple.product-type.application";
		};
		7D4820FE2F6BC0D20007F6FF /* AIronFitTests */ = {
			isa = PBXNativeTarget;
			buildConfigurationList = 7D4821162F6BC0D20007F6FF /* Build configuration list for PBXNativeTarget "AIronFitTests" */;
			buildPhases = (
				7D4820FB2F6BC0D20007F6FF /* Sources */,
				7D4820FC2F6BC0D20007F6FF /* Frameworks */,
				7D4820FD2F6BC0D20007F6FF /* Resources */,
			);
			buildRules = (
			);
			dependencies = (
				7D4821012F6BC0D20007F6FF /* PBXTargetDependency */,
			);
			fileSystemSynchronizedGroups = (
				7D4821022F6BC0D20007F6FF /* AIronFitTests */,
			);
			name = AIronFitTests;
			packageProductDependencies = (
			);
			productName = AIronFitTests;
			productReference = 7D4820FF2F6BC0D20007F6FF /* AIronFitTests.xctest */;
			productType = "com.apple.product-type.bundle.unit-test";
		};
		7D4821082F6BC0D20007F6FF /* AIronFitUITests */ = {
			isa = PBXNativeTarget;
			buildConfigurationList = 7D4821192F6BC0D20007F6FF /* Build configuration list for PBXNativeTarget "AIronFitUITests" */;
			buildPhases = (
				7D4821052F6BC0D20007F6FF /* Sources */,
				7D4821062F6BC0D20007F6FF /* Frameworks */,
				7D4821072F6BC0D20007F6FF /* Resources */,
			);
			buildRules = (
			);
			dependencies = (
				7D48210B2F6BC0D20007F6FF /* PBXTargetDependency */,
			);
			fileSystemSynchronizedGroups = (
				7D48210C2F6BC0D20007F6FF /* AIronFitUITests */,
			);
			name = AIronFitUITests;
			packageProductDependencies = (
			);
			productName = AIronFitUITests;
			productReference = 7D4821092F6BC0D20007F6FF /* AIronFitUITests.xctest */;
			productType = "com.apple.product-type.bundle.ui-testing";
		};
/* End PBXNativeTarget section */

/* Begin PBXProject section */
		7D4820EA2F6BC0CF0007F6FF /* Project object */ = {
			isa = PBXProject;
			attributes = {
				BuildIndependentTargetsInParallel = 1;
				LastSwiftUpdateCheck = 1640;
				LastUpgradeCheck = 1640;
				TargetAttributes = {
					7D4820F12F6BC0CF0007F6FF = {
						CreatedOnToolsVersion = 16.4;
					};
					7D4820FE2F6BC0D20007F6FF = {
						CreatedOnToolsVersion = 16.4;
						TestTargetID = 7D4820F12F6BC0CF0007F6FF;
					};
					7D4821082F6BC0D20007F6FF = {
						CreatedOnToolsVersion = 16.4;
						TestTargetID = 7D4820F12F6BC0CF0007F6FF;
					};
				};
			};
			buildConfigurationList = 7D4820ED2F6BC0CF0007F6FF /* Build configuration list for PBXProject "AIronFit" */;
			developmentRegion = en;
			hasScannedForEncodings = 0;
			knownRegions = (
				en,
				Base,
			);
			mainGroup = 7D4820E92F6BC0CF0007F6FF;
			minimizedProjectReferenceProxies = 1;
			preferredProjectObjectVersion = 77;
			productRefGroup = 7D4820F32F6BC0CF0007F6FF /* Products */;
			projectDirPath = "";
			projectRoot = "";
			targets = (
				7D4820F12F6BC0CF0007F6FF /* AIronFit */,
				7D4820FE2F6BC0D20007F6FF /* AIronFitTests */,
				7D4821082F6BC0D20007F6FF /* AIronFitUITests */,
			);
		};
/* End PBXProject section */

/* Begin PBXResourcesBuildPhase section */
		7D4820F02F6BC0CF0007F6FF /* Resources */ = {
			isa = PBXResourcesBuildPhase;
			buildActionMask = 2147483647;
			files = (
			);
			runOnlyForDeploymentPostprocessing = 0;
		};
		7D4820FD2F6BC0D20007F6FF /* Resources */ = {
			isa = PBXResourcesBuildPhase;
			buildActionMask = 2147483647;
			files = (
			);
			runOnlyForDeploymentPostprocessing = 0;
		};
		7D4821072F6BC0D20007F6FF /* Resources */ = {
			isa = PBXResourcesBuildPhase;
			buildActionMask = 2147483647;
			files = (
			);
			runOnlyForDeploymentPostprocessing = 0;
		};
/* End PBXResourcesBuildPhase section */

/* Begin PBXSourcesBuildPhase section */
		7D4820EE2F6BC0CF0007F6FF /* Sources */ = {
			isa = PBXSourcesBuildPhase;
			buildActionMask = 2147483647;
			files = (
			);
			runOnlyForDeploymentPostprocessing = 0;
		};
		7D4820FB2F6BC0D20007F6FF /* Sources */ = {
			isa = PBXSourcesBuildPhase;
			buildActionMask = 2147483647;
			files = (
			);
			runOnlyForDeploymentPostprocessing = 0;
		};
		7D4821052F6BC0D20007F6FF /* Sources */ = {
			isa = PBXSourcesBuildPhase;
			buildActionMask = 2147483647;
			files = (
			);
			runOnlyForDeploymentPostprocessing = 0;
		};
/* End PBXSourcesBuildPhase section */

/* Begin PBXTargetDependency section */
		7D4821012F6BC0D20007F6FF /* PBXTargetDependency */ = {
			isa = PBXTargetDependency;
			target = 7D4820F12F6BC0CF0007F6FF /* AIronFit */;
			targetProxy = 7D4821002F6BC0D20007F6FF /* PBXContainerItemProxy */;
		};
		7D48210B2F6BC0D20007F6FF /* PBXTargetDependency */ = {
			isa = PBXTargetDependency;
			target = 7D4820F12F6BC0CF0007F6FF /* AIronFit */;
			targetProxy = 7D48210A2F6BC0D20007F6FF /* PBXContainerItemProxy */;
		};
/* End PBXTargetDependency section */

/* Begin XCBuildConfiguration section */
		7D4821112F6BC0D20007F6FF /* Debug */ = {
			isa = XCBuildConfiguration;
			buildSettings = {
				ALWAYS_SEARCH_USER_PATHS = NO;
				ASSETCATALOG_COMPILER_GENERATE_SWIFT_ASSET_SYMBOL_EXTENSIONS = YES;
				CLANG_ANALYZER_NONNULL = YES;
				CLANG_ANALYZER_NUMBER_OBJECT_CONVERSION = YES_AGGRESSIVE;
				CLANG_CXX_LANGUAGE_STANDARD = "gnu++20";
				CLANG_ENABLE_MODULES = YES;
				CLANG_ENABLE_OBJC_ARC = YES;
				CLANG_ENABLE_OBJC_WEAK = YES;
				CLANG_WARN_BLOCK_CAPTURE_AUTORELEASING = YES;
				CLANG_WARN_BOOL_CONVERSION = YES;
				CLANG_WARN_COMMA = YES;
				CLANG_WARN_CONSTANT_CONVERSION = YES;
				CLANG_WARN_DEPRECATED_OBJC_IMPLEMENTATIONS = YES;
				CLANG_WARN_DIRECT_OBJC_ISA_USAGE = YES_ERROR;
				CLANG_WARN_DOCUMENTATION_COMMENTS = YES;
				CLANG_WARN_EMPTY_BODY = YES;
				CLANG_WARN_ENUM_CONVERSION = YES;
				CLANG_WARN_INFINITE_RECURSION = YES;
				CLANG_WARN_INT_CONVERSION = YES;
				CLANG_WARN_NON_LITERAL_NULL_CONVERSION = YES;
				CLANG_WARN_OBJC_IMPLICIT_RETAIN_SELF = YES;
				CLANG_WARN_OBJC_LITERAL_CONVERSION = YES;
				CLANG_WARN_OBJC_ROOT_CLASS = YES_ERROR;
				CLANG_WARN_QUOTED_INCLUDE_IN_FRAMEWORK_HEADER = YES;
				CLANG_WARN_RANGE_LOOP_ANALYSIS = YES;
				CLANG_WARN_STRICT_PROTOTYPES = YES;
				CLANG_WARN_SUSPICIOUS_MOVE = YES;
				CLANG_WARN_UNGUARDED_AVAILABILITY = YES_AGGRESSIVE;
				CLANG_WARN_UNREACHABLE_CODE = YES;
				CLANG_WARN__DUPLICATE_METHOD_MATCH = YES;
				COPY_PHASE_STRIP = NO;
				DEBUG_INFORMATION_FORMAT = dwarf;
				ENABLE_STRICT_OBJC_MSGSEND = YES;
				ENABLE_TESTABILITY = YES;
				ENABLE_USER_SCRIPT_SANDBOXING = YES;
				GCC_C_LANGUAGE_STANDARD = gnu17;
				GCC_DYNAMIC_NO_PIC = NO;
				GCC_NO_COMMON_BLOCKS = YES;
				GCC_OPTIMIZATION_LEVEL = 0;
				GCC_PREPROCESSOR_DEFINITIONS = (
					"DEBUG=1",
					"$(inherited)",
				);
				GCC_WARN_64_TO_32_BIT_CONVERSION = YES;
				GCC_WARN_ABOUT_RETURN_TYPE = YES_ERROR;
				GCC_WARN_UNDECLARED_SELECTOR = YES;
				GCC_WARN_UNINITIALIZED_AUTOS = YES_AGGRESSIVE;
				GCC_WARN_UNUSED_FUNCTION = YES;
				GCC_WARN_UNUSED_VARIABLE = YES;
				IPHONEOS_DEPLOYMENT_TARGET = 18.5;
				LOCALIZATION_PREFERS_STRING_CATALOGS = YES;
				MTL_ENABLE_DEBUG_INFO = INCLUDE_SOURCE;
				MTL_FAST_MATH = YES;
				ONLY_ACTIVE_ARCH = YES;
				SDKROOT = iphoneos;
				SWIFT_ACTIVE_COMPILATION_CONDITIONS = "DEBUG $(inherited)";
				SWIFT_OPTIMIZATION_LEVEL = "-Onone";
			};
			name = Debug;
		};
		7D4821122F6BC0D20007F6FF /* Release */ = {
			isa = XCBuildConfiguration;
			buildSettings = {
				ALWAYS_SEARCH_USER_PATHS = NO;
				ASSETCATALOG_COMPILER_GENERATE_SWIFT_ASSET_SYMBOL_EXTENSIONS = YES;
				CLANG_ANALYZER_NONNULL = YES;
				CLANG_ANALYZER_NUMBER_OBJECT_CONVERSION = YES_AGGRESSIVE;
				CLANG_CXX_LANGUAGE_STANDARD = "gnu++20";
				CLANG_ENABLE_MODULES = YES;
				CLANG_ENABLE_OBJC_ARC = YES;
				CLANG_ENABLE_OBJC_WEAK = YES;
				CLANG_WARN_BLOCK_CAPTURE_AUTORELEASING = YES;
				CLANG_WARN_BOOL_CONVERSION = YES;
				CLANG_WARN_COMMA = YES;
				CLANG_WARN_CONSTANT_CONVERSION = YES;
				CLANG_WARN_DEPRECATED_OBJC_IMPLEMENTATIONS = YES;
				CLANG_WARN_DIRECT_OBJC_ISA_USAGE = YES_ERROR;
				CLANG_WARN_DOCUMENTATION_COMMENTS = YES;
				CLANG_WARN_EMPTY_BODY = YES;
				CLANG_WARN_ENUM_CONVERSION = YES;
				CLANG_WARN_INFINITE_RECURSION = YES;
				CLANG_WARN_INT_CONVERSION = YES;
				CLANG_WARN_NON_LITERAL_NULL_CONVERSION = YES;
				CLANG_WARN_OBJC_IMPLICIT_RETAIN_SELF = YES;
				CLANG_WARN_OBJC_LITERAL_CONVERSION = YES;
				CLANG_WARN_OBJC_ROOT_CLASS = YES_ERROR;
				CLANG_WARN_QUOTED_INCLUDE_IN_FRAMEWORK_HEADER = YES;
				CLANG_WARN_RANGE_LOOP_ANALYSIS = YES;
				CLANG_WARN_STRICT_PROTOTYPES = YES;
				CLANG_WARN_SUSPICIOUS_MOVE = YES;
				CLANG_WARN_UNGUARDED_AVAILABILITY = YES_AGGRESSIVE;
				CLANG_WARN_UNREACHABLE_CODE = YES;
				CLANG_WARN__DUPLICATE_METHOD_MATCH = YES;
				COPY_PHASE_STRIP = NO;
				DEBUG_INFORMATION_FORMAT = "dwarf-with-dsym";
				ENABLE_NS_ASSERTIONS = NO;
				ENABLE_STRICT_OBJC_MSGSEND = YES;
				ENABLE_USER_SCRIPT_SANDBOXING = YES;
				GCC_C_LANGUAGE_STANDARD = gnu17;
				GCC_NO_COMMON_BLOCKS = YES;
				GCC_WARN_64_TO_32_BIT_CONVERSION = YES;
				GCC_WARN_ABOUT_RETURN_TYPE = YES_ERROR;
				GCC_WARN_UNDECLARED_SELECTOR = YES;
				GCC_WARN_UNINITIALIZED_AUTOS = YES_AGGRESSIVE;
				GCC_WARN_UNUSED_FUNCTION = YES;
				GCC_WARN_UNUSED_VARIABLE = YES;
				IPHONEOS_DEPLOYMENT_TARGET = 18.5;
				LOCALIZATION_PREFERS_STRING_CATALOGS = YES;
				MTL_ENABLE_DEBUG_INFO = NO;
				MTL_FAST_MATH = YES;
				SDKROOT = iphoneos;
				SWIFT_COMPILATION_MODE = wholemodule;
				VALIDATE_PRODUCT = YES;
			};
			name = Release;
		};
		7D4821142F6BC0D20007F6FF /* Debug */ = {
			isa = XCBuildConfiguration;
			buildSettings = {
				ASSETCATALOG_COMPILER_APPICON_NAME = AppIcon;
				ASSETCATALOG_COMPILER_GLOBAL_ACCENT_COLOR_NAME = AccentColor;
				CODE_SIGN_STYLE = Automatic;
				CURRENT_PROJECT_VERSION = 1;
				ENABLE_PREVIEWS = YES;
				GENERATE_INFOPLIST_FILE = YES;
				INFOPLIST_KEY_UIApplicationSceneManifest_Generation = YES;
				INFOPLIST_KEY_UIApplicationSupportsIndirectInputEvents = YES;
				INFOPLIST_KEY_UILaunchScreen_Generation = YES;
				INFOPLIST_KEY_UISupportedInterfaceOrientations_iPad = "UIInterfaceOrientationPortrait UIInterfaceOrientationPortraitUpsideDown UIInterfaceOrientationLandscapeLeft UIInterfaceOrientationLandscapeRight";
				INFOPLIST_KEY_UISupportedInterfaceOrientations_iPhone = "UIInterfaceOrientationPortrait UIInterfaceOrientationLandscapeLeft UIInterfaceOrientationLandscapeRight";
				LD_RUNPATH_SEARCH_PATHS = (
					"$(inherited)",
					"@executable_path/Frameworks",
				);
				MARKETING_VERSION = 1.0;
				PRODUCT_BUNDLE_IDENTIFIER = com.Raafay.AIronFit;
				PRODUCT_NAME = "$(TARGET_NAME)";
				SWIFT_EMIT_LOC_STRINGS = YES;
				SWIFT_VERSION = 5.0;
				TARGETED_DEVICE_FAMILY = "1,2";
			};
			name = Debug;
		};
		7D4821152F6BC0D20007F6FF /* Release */ = {
			isa = XCBuildConfiguration;
			buildSettings = {
				ASSETCATALOG_COMPILER_APPICON_NAME = AppIcon;
				ASSETCATALOG_COMPILER_GLOBAL_ACCENT_COLOR_NAME = AccentColor;
				CODE_SIGN_STYLE = Automatic;
				CURRENT_PROJECT_VERSION = 1;
				ENABLE_PREVIEWS = YES;
				GENERATE_INFOPLIST_FILE = YES;
				INFOPLIST_KEY_UIApplicationSceneManifest_Generation = YES;
				INFOPLIST_KEY_UIApplicationSupportsIndirectInputEvents = YES;
				INFOPLIST_KEY_UILaunchScreen_Generation = YES;
				INFOPLIST_KEY_UISupportedInterfaceOrientations_iPad = "UIInterfaceOrientationPortrait UIInterfaceOrientationPortraitUpsideDown UIInterfaceOrientationLandscapeLeft UIInterfaceOrientationLandscapeRight";
				INFOPLIST_KEY_UISupportedInterfaceOrientations_iPhone = "UIInterfaceOrientationPortrait UIInterfaceOrientationLandscapeLeft UIInterfaceOrientationLandscapeRight";
				LD_RUNPATH_SEARCH_PATHS = (
					"$(inherited)",
					"@executable_path/Frameworks",
				);
				MARKETING_VERSION = 1.0;
				PRODUCT_BUNDLE_IDENTIFIER = com.Raafay.AIronFit;
				PRODUCT_NAME = "$(TARGET_NAME)";
				SWIFT_EMIT_LOC_STRINGS = YES;
				SWIFT_VERSION = 5.0;
				TARGETED_DEVICE_FAMILY = "1,2";
			};
			name = Release;
		};
		7D4821172F6BC0D20007F6FF /* Debug */ = {
			isa = XCBuildConfiguration;
			buildSettings = {
				BUNDLE_LOADER = "$(TEST_HOST)";
				CODE_SIGN_STYLE = Automatic;
				CURRENT_PROJECT_VERSION = 1;
				GENERATE_INFOPLIST_FILE = YES;
				IPHONEOS_DEPLOYMENT_TARGET = 18.5;
				MARKETING_VERSION = 1.0;
				PRODUCT_BUNDLE_IDENTIFIER = com.Raafay.AIronFitTests;
				PRODUCT_NAME = "$(TARGET_NAME)";
				SWIFT_EMIT_LOC_STRINGS = NO;
				SWIFT_VERSION = 5.0;
				TARGETED_DEVICE_FAMILY = "1,2";
				TEST_HOST = "$(BUILT_PRODUCTS_DIR)/AIronFit.app/$(BUNDLE_EXECUTABLE_FOLDER_PATH)/AIronFit";
			};
			name = Debug;
		};
		7D4821182F6BC0D20007F6FF /* Release */ = {
			isa = XCBuildConfiguration;
			buildSettings = {
				BUNDLE_LOADER = "$(TEST_HOST)";
				CODE_SIGN_STYLE = Automatic;
				CURRENT_PROJECT_VERSION = 1;
				GENERATE_INFOPLIST_FILE = YES;
				IPHONEOS_DEPLOYMENT_TARGET = 18.5;
				MARKETING_VERSION = 1.0;
				PRODUCT_BUNDLE_IDENTIFIER = com.Raafay.AIronFitTests;
				PRODUCT_NAME = "$(TARGET_NAME)";
				SWIFT_EMIT_LOC_STRINGS = NO;
				SWIFT_VERSION = 5.0;
				TARGETED_DEVICE_FAMILY = "1,2";
				TEST_HOST = "$(BUILT_PRODUCTS_DIR)/AIronFit.app/$(BUNDLE_EXECUTABLE_FOLDER_PATH)/AIronFit";
			};
			name = Release;
		};
		7D48211A2F6BC0D20007F6FF /* Debug */ = {
			isa = XCBuildConfiguration;
			buildSettings = {
				CODE_SIGN_STYLE = Automatic;
				CURRENT_PROJECT_VERSION = 1;
				GENERATE_INFOPLIST_FILE = YES;
				MARKETING_VERSION = 1.0;
				PRODUCT_BUNDLE_IDENTIFIER = com.Raafay.AIronFitUITests;
				PRODUCT_NAME = "$(TARGET_NAME)";
				SWIFT_EMIT_LOC_STRINGS = NO;
				SWIFT_VERSION = 5.0;
				TARGETED_DEVICE_FAMILY = "1,2";
				TEST_TARGET_NAME = AIronFit;
			};
			name = Debug;
		};
		7D48211B2F6BC0D20007F6FF /* Release */ = {
			isa = XCBuildConfiguration;
			buildSettings = {
				CODE_SIGN_STYLE = Automatic;
				CURRENT_PROJECT_VERSION = 1;
				GENERATE_INFOPLIST_FILE = YES;
				MARKETING_VERSION = 1.0;
				PRODUCT_BUNDLE_IDENTIFIER = com.Raafay.AIronFitUITests;
				PRODUCT_NAME = "$(TARGET_NAME)";
				SWIFT_EMIT_LOC_STRINGS = NO;
				SWIFT_VERSION = 5.0;
				TARGETED_DEVICE_FAMILY = "1,2";
				TEST_TARGET_NAME = AIronFit;
			};
			name = Release;
		};
/* End XCBuildConfiguration section */

/* Begin XCConfigurationList section */
		7D4820ED2F6BC0CF0007F6FF /* Build configuration list for PBXProject "AIronFit" */ = {
			isa = XCConfigurationList;
			buildConfigurations = (
				7D4821112F6BC0D20007F6FF /* Debug */,
				7D4821122F6BC0D20007F6FF /* Release */,
			);
			defaultConfigurationIsVisible = 0;
			defaultConfigurationName = Release;
		};
		7D4821132F6BC0D20007F6FF /* Build configuration list for PBXNativeTarget "AIronFit" */ = {
			isa = XCConfigurationList;
			buildConfigurations = (
				7D4821142F6BC0D20007F6FF /* Debug */,
				7D4821152F6BC0D20007F6FF /* Release */,
			);
			defaultConfigurationIsVisible = 0;
			defaultConfigurationName = Release;
		};
		7D4821162F6BC0D20007F6FF /* Build configuration list for PBXNativeTarget "AIronFitTests" */ = {
			isa = XCConfigurationList;
			buildConfigurations = (
				7D4821172F6BC0D20007F6FF /* Debug */,
				7D4821182F6BC0D20007F6FF /* Release */,
			);
			defaultConfigurationIsVisible = 0;
			defaultConfigurationName = Release;
		};
		7D4821192F6BC0D20007F6FF /* Build configuration list for PBXNativeTarget "AIronFitUITests" */ = {
			isa = XCConfigurationList;
			buildConfigurations = (
				7D48211A2F6BC0D20007F6FF /* Debug */,
				7D48211B2F6BC0D20007F6FF /* Release */,
			);
			defaultConfigurationIsVisible = 0;
			defaultConfigurationName = Release;
		};
/* End XCConfigurationList section */
	};
	rootObject = 7D4820EA2F6BC0CF0007F6FF /* Project object */;
}
